
Microsoft Visual Studio Solution File, Format Version 12.00
# Visual Studio 15
VisualStudioVersion = 15.0.27703.2000
MinimumVisualStudioVersion = 10.0.40219.1
Project("{FAE04EC0-301F-11D3-BF4B-00C04F79EFBC}") = "Lab26_ASP.NET_IDENTITY", "Lab26_ASP.NET_IDENTITY\Lab26_ASP.NET_IDENTITY.csproj", "{F7560F6E-BBCF-4130-9DF3-687B8DAD5738}"
EndProject
Project("{2150E333-8FDC-42A3-9474-1A3956D46DE8}") = "Solution Items", "Solution Items", "{0FEADF9B-6D05-4587-895E-A1608197D388}"
	ProjectSection(SolutionItems) = preProject
		.gitignore = .gitignore
	EndProjectSection
EndProject
Global
	GlobalSection(SolutionConfigurationPlatforms) = preSolution
		Debug|Any CPU = Debug|Any CPU
		Release|Any CPU = Release|Any CPU
	EndGlobalSection
	GlobalSection(ProjectConfigurationPlatforms) = postSolution
		{F7560F6E-BBCF-4130-9DF3-687B8DAD5738}.Debug|Any CPU.ActiveCfg = Debug|Any CPU
		{F7560F6E-BBCF-4130-9DF3-687B8DAD5738}.Debug|Any CPU.Build.0 = Debug|Any CPU
		{F7560F6E-BBCF-4130-9DF3-687B8DAD5738}.Release|Any CPU.ActiveCfg = Release|Any CPU
		{F7560F6E-BBCF-4130-9DF3-687B8DAD5738}.Release|Any CPU.Build.0 = Release|Any CPU
	EndGlobalSection
	GlobalSection(SolutionProperties) = preSolution
		HideSolutionNode = FALSE
	EndGlobalSection
	GlobalSection(ExtensibilityGlobals) = postSolution
		SolutionGuid = {AE86B52E-D68F-4756-9CC0-B6980540889B}
	EndGlobalSection
EndGlobal
